
Microsoft Visual Studio Solution File, Format Version 12.00
# Visual Studio Version 17
VisualStudioVersion = 17.14.36717.8
MinimumVisualStudioVersion = 10.0.40219.1
Project("{2150E333-8FDC-42A3-9474-1A3956D46DE8}") = "SM.Management", "SM.Management", "{02EA681E-C7D8-13C7-8484-4AC65E1B71E8}"
EndProject
Project("{2150E333-8FDC-42A3-9474-1A3956D46DE8}") = "SM.Domain", "SM.Domain", "{DBB8E32C-8196-442C-9C62-DEA47671BA69}"
EndProject
Project("{9A19103F-16F7-4668-BE54-9A1E7A4F7556}") = "ShopManagement.Domain", "ShopManagement.Domain\ShopManagement.Domain.csproj", "{12C1A517-DF6B-46AF-B223-5E94DF243251}"
EndProject
Project("{9A19103F-16F7-4668-BE54-9A1E7A4F7556}") = "0_Framework", "0_Framework\0_Framework.csproj", "{A14B0ECA-4A1D-47BC-B3F1-D3570733040C}"
EndProject
Project("{2150E333-8FDC-42A3-9474-1A3956D46DE8}") = "SM.Application", "SM.Application", "{EB89F851-9CDD-477E-8656-47FCAD0BDC2A}"
EndProject
Project("{9A19103F-16F7-4668-BE54-9A1E7A4F7556}") = "ShopManagement.Application.Contract", "ShopManagement.Application.Contract\ShopManagement.Application.Contract.csproj", "{A3828917-6021-407F-8EE2-D027B5E0CC96}"
EndProject
Project("{9A19103F-16F7-4668-BE54-9A1E7A4F7556}") = "ShopManagement.Application", "ShopManagement.Application\ShopManagement.Application.csproj", "{E18BDF53-3A0D-40C0-9556-BBBC18B4F994}"
EndProject
Project("{2150E333-8FDC-42A3-9474-1A3956D46DE8}") = "SM.Infrastructure", "SM.Infrastructure", "{D63822BF-8919-4403-967E-DB539478778C}"
EndProject
Project("{9A19103F-16F7-4668-BE54-9A1E7A4F7556}") = "ShopManagement.Infrastructure.EF_Core", "ShopManagement.Infrastructure.EF_Core\ShopManagement.Infrastructure.EF_Core.csproj", "{6E412413-2530-4047-8FCA-BA9202ADA424}"
EndProject
Project("{9A19103F-16F7-4668-BE54-9A1E7A4F7556}") = "ShopManagement.Infrastructure.Configuration", "ShopManagement.Infrastructure.Configuration\ShopManagement.Infrastructure.Configuration.csproj", "{DC43A8E9-D148-4881-8068-9F128CBECDC2}"
EndProject
Project("{9A19103F-16F7-4668-BE54-9A1E7A4F7556}") = "ServicesHost", "ServicesHost\ServicesHost.csproj", "{B79BE432-4F7D-4C92-B852-46DE6DD88114}"
EndProject
Project("{9A19103F-16F7-4668-BE54-9A1E7A4F7556}") = "01_YasQuery", "01_YasQuery\01_YasQuery.csproj", "{21012C55-0D66-4DE1-909D-30C8BFC9B7DD}"
EndProject
Project("{2150E333-8FDC-42A3-9474-1A3956D46DE8}") = "DiscountManagement", "DiscountManagement", "{E1CDDA66-F7B6-4C17-8E4F-76E4B72D417D}"
EndProject
Project("{2150E333-8FDC-42A3-9474-1A3956D46DE8}") = "Dm.Domain", "Dm.Domain", "{07FC1638-DEBE-43C6-A4AF-F178231FE199}"
EndProject
Project("{2150E333-8FDC-42A3-9474-1A3956D46DE8}") = "DM.Application", "DM.Application", "{33538FC5-28F8-487D-92E1-82EF1724CDFC}"
EndProject
Project("{9A19103F-16F7-4668-BE54-9A1E7A4F7556}") = "DiscountManagement.Domain", "DiscountManagement.Domain\DiscountManagement.Domain.csproj", "{571DC005-591E-4A20-853F-B6813874E963}"
EndProject
Project("{9A19103F-16F7-4668-BE54-9A1E7A4F7556}") = "DiscountManagement.Application.Contract", "DiscountManagement.Application.Contract\DiscountManagement.Application.Contract.csproj", "{0949B381-D263-4B4B-B671-28848A498D3D}"
EndProject
Project("{9A19103F-16F7-4668-BE54-9A1E7A4F7556}") = "DiscountManagement.Application", "DiscountManagement.Application\DiscountManagement.Application.csproj", "{3B2E5145-329F-4CF5-9224-0A1B018D594A}"
EndProject
Project("{2150E333-8FDC-42A3-9474-1A3956D46DE8}") = "DM.Infrastructure", "DM.Infrastructure", "{13BF488E-AB53-4118-80DC-AD985DC9AA2C}"
EndProject
Project("{9A19103F-16F7-4668-BE54-9A1E7A4F7556}") = "DiscountManagement.Infrastructure.EF_Core", "DiscountManagement.Infrastructure.EF_Core\DiscountManagement.Infrastructure.EF_Core.csproj", "{F751E038-9403-4A39-9089-172696EC8F00}"
EndProject
Project("{9A19103F-16F7-4668-BE54-9A1E7A4F7556}") = "DiscountManagement.Configuration", "DiscountManagement.Configuration\DiscountManagement.Configuration.csproj", "{78776747-A3AA-4386-8F57-47BC9CFB946A}"
EndProject
Project("{2150E333-8FDC-42A3-9474-1A3956D46DE8}") = "InventoryManagement", "InventoryManagement", "{1A9B706C-CB7F-4DCF-A35F-92462810C2B6}"
EndProject
Project("{2150E333-8FDC-42A3-9474-1A3956D46DE8}") = "IM.Domain", "IM.Domain", "{7A13F89C-230B-41B9-9B85-6005089133DA}"
EndProject
Project("{9A19103F-16F7-4668-BE54-9A1E7A4F7556}") = "InventoryManagement.Domain", "InventoryManagement.Domain\InventoryManagement.Domain.csproj", "{FE9F1703-D121-40B7-AE2D-40D731F1316D}"
EndProject
Project("{2150E333-8FDC-42A3-9474-1A3956D46DE8}") = "IM.Application", "IM.Application", "{D8D6BF1F-C46B-4B32-A18C-0E4295146C39}"
EndProject
Project("{FAE04EC0-301F-11D3-BF4B-00C04F79EFBC}") = "InventoryManagement.Application.Contract", "InventoryManagement.Application.Contract\InventoryManagement.Application.Contract.csproj", "{687ACDC1-FCDA-4AD2-8B67-CA9E8D853E46}"
EndProject
Project("{2150E333-8FDC-42A3-9474-1A3956D46DE8}") = "IM.Infrastructure", "IM.Infrastructure", "{9D5F6245-54B9-46C6-84B2-DE2466C4D27D}"
EndProject
Project("{FAE04EC0-301F-11D3-BF4B-00C04F79EFBC}") = "InventoryManagement.Infrastructure.EF_Core", "InventoryManagement.Infrastructure.EF_Core\InventoryManagement.Infrastructure.EF_Core.csproj", "{AF695305-9FF2-4B49-858A-0D44FAD36D60}"
EndProject
Project("{FAE04EC0-301F-11D3-BF4B-00C04F79EFBC}") = "InventoryManagement.Infrastructure.Configuration", "InventoryManagement.Infrastructure.Configuration\InventoryManagement.Infrastructure.Configuration.csproj", "{9DE11352-3E81-42AF-9BB3-E43CEE27DC4D}"
EndProject
Project("{FAE04EC0-301F-11D3-BF4B-00C04F79EFBC}") = "InventoryManagement.Application", "InventoryManagement.Application\InventoryManagement.Application.csproj", "{21F1EB9A-B6CC-4675-9FD6-B5DABD26D921}"
EndProject
Global
	GlobalSection(SolutionConfigurationPlatforms) = preSolution
		Debug|Any CPU = Debug|Any CPU
		Release|Any CPU = Release|Any CPU
	EndGlobalSection
	GlobalSection(ProjectConfigurationPlatforms) = postSolution
		{12C1A517-DF6B-46AF-B223-5E94DF243251}.Debug|Any CPU.ActiveCfg = Debug|Any CPU
		{12C1A517-DF6B-46AF-B223-5E94DF243251}.Debug|Any CPU.Build.0 = Debug|Any CPU
		{12C1A517-DF6B-46AF-B223-5E94DF243251}.Release|Any CPU.ActiveCfg = Release|Any CPU
		{12C1A517-DF6B-46AF-B223-5E94DF243251}.Release|Any CPU.Build.0 = Release|Any CPU
		{A14B0ECA-4A1D-47BC-B3F1-D3570733040C}.Debug|Any CPU.ActiveCfg = Debug|Any CPU
		{A14B0ECA-4A1D-47BC-B3F1-D3570733040C}.Debug|Any CPU.Build.0 = Debug|Any CPU
		{A14B0ECA-4A1D-47BC-B3F1-D3570733040C}.Release|Any CPU.ActiveCfg = Release|Any CPU
		{A14B0ECA-4A1D-47BC-B3F1-D3570733040C}.Release|Any CPU.Build.0 = Release|Any CPU
		{A3828917-6021-407F-8EE2-D027B5E0CC96}.Debug|Any CPU.ActiveCfg = Debug|Any CPU
		{A3828917-6021-407F-8EE2-D027B5E0CC96}.Debug|Any CPU.Build.0 = Debug|Any CPU
		{A3828917-6021-407F-8EE2-D027B5E0CC96}.Release|Any CPU.ActiveCfg = Release|Any CPU
		{A3828917-6021-407F-8EE2-D027B5E0CC96}.Release|Any CPU.Build.0 = Release|Any CPU
		{E18BDF53-3A0D-40C0-9556-BBBC18B4F994}.Debug|Any CPU.ActiveCfg = Debug|Any CPU
		{E18BDF53-3A0D-40C0-9556-BBBC18B4F994}.Debug|Any CPU.Build.0 = Debug|Any CPU
		{E18BDF53-3A0D-40C0-9556-BBBC18B4F994}.Release|Any CPU.ActiveCfg = Release|Any CPU
		{E18BDF53-3A0D-40C0-9556-BBBC18B4F994}.Release|Any CPU.Build.0 = Release|Any CPU
		{6E412413-2530-4047-8FCA-BA9202ADA424}.Debug|Any CPU.ActiveCfg = Debug|Any CPU
		{6E412413-2530-4047-8FCA-BA9202ADA424}.Debug|Any CPU.Build.0 = Debug|Any CPU
		{6E412413-2530-4047-8FCA-BA9202ADA424}.Release|Any CPU.ActiveCfg = Release|Any CPU
		{6E412413-2530-4047-8FCA-BA9202ADA424}.Release|Any CPU.Build.0 = Release|Any CPU
		{DC43A8E9-D148-4881-8068-9F128CBECDC2}.Debug|Any CPU.ActiveCfg = Debug|Any CPU
		{DC43A8E9-D148-4881-8068-9F128CBECDC2}.Debug|Any CPU.Build.0 = Debug|Any CPU
		{DC43A8E9-D148-4881-8068-9F128CBECDC2}.Release|Any CPU.ActiveCfg = Release|Any CPU
		{DC43A8E9-D148-4881-8068-9F128CBECDC2}.Release|Any CPU.Build.0 = Release|Any CPU
		{B79BE432-4F7D-4C92-B852-46DE6DD88114}.Debug|Any CPU.ActiveCfg = Debug|Any CPU
		{B79BE432-4F7D-4C92-B852-46DE6DD88114}.Debug|Any CPU.Build.0 = Debug|Any CPU
		{B79BE432-4F7D-4C92-B852-46DE6DD88114}.Release|Any CPU.ActiveCfg = Release|Any CPU
		{B79BE432-4F7D-4C92-B852-46DE6DD88114}.Release|Any CPU.Build.0 = Release|Any CPU
		{21012C55-0D66-4DE1-909D-30C8BFC9B7DD}.Debug|Any CPU.ActiveCfg = Debug|Any CPU
		{21012C55-0D66-4DE1-909D-30C8BFC9B7DD}.Debug|Any CPU.Build.0 = Debug|Any CPU
		{21012C55-0D66-4DE1-909D-30C8BFC9B7DD}.Release|Any CPU.ActiveCfg = Release|Any CPU
		{21012C55-0D66-4DE1-909D-30C8BFC9B7DD}.Release|Any CPU.Build.0 = Release|Any CPU
		{571DC005-591E-4A20-853F-B6813874E963}.Debug|Any CPU.ActiveCfg = Debug|Any CPU
		{571DC005-591E-4A20-853F-B6813874E963}.Debug|Any CPU.Build.0 = Debug|Any CPU
		{571DC005-591E-4A20-853F-B6813874E963}.Release|Any CPU.ActiveCfg = Release|Any CPU
		{571DC005-591E-4A20-853F-B6813874E963}.Release|Any CPU.Build.0 = Release|Any CPU
		{0949B381-D263-4B4B-B671-28848A498D3D}.Debug|Any CPU.ActiveCfg = Debug|Any CPU
		{0949B381-D263-4B4B-B671-28848A498D3D}.Debug|Any CPU.Build.0 = Debug|Any CPU
		{0949B381-D263-4B4B-B671-28848A498D3D}.Release|Any CPU.ActiveCfg = Release|Any CPU
		{0949B381-D263-4B4B-B671-28848A498D3D}.Release|Any CPU.Build.0 = Release|Any CPU
		{3B2E5145-329F-4CF5-9224-0A1B018D594A}.Debug|Any CPU.ActiveCfg = Debug|Any CPU
		{3B2E5145-329F-4CF5-9224-0A1B018D594A}.Debug|Any CPU.Build.0 = Debug|Any CPU
		{3B2E5145-329F-4CF5-9224-0A1B018D594A}.Release|Any CPU.ActiveCfg = Release|Any CPU
		{3B2E5145-329F-4CF5-9224-0A1B018D594A}.Release|Any CPU.Build.0 = Release|Any CPU
		{F751E038-9403-4A39-9089-172696EC8F00}.Debug|Any CPU.ActiveCfg = Debug|Any CPU
		{F751E038-9403-4A39-9089-172696EC8F00}.Debug|Any CPU.Build.0 = Debug|Any CPU
		{F751E038-9403-4A39-9089-172696EC8F00}.Release|Any CPU.ActiveCfg = Release|Any CPU
		{F751E038-9403-4A39-9089-172696EC8F00}.Release|Any CPU.Build.0 = Release|Any CPU
		{78776747-A3AA-4386-8F57-47BC9CFB946A}.Debug|Any CPU.ActiveCfg = Debug|Any CPU
		{78776747-A3AA-4386-8F57-47BC9CFB946A}.Debug|Any CPU.Build.0 = Debug|Any CPU
		{78776747-A3AA-4386-8F57-47BC9CFB946A}.Release|Any CPU.ActiveCfg = Release|Any CPU
		{78776747-A3AA-4386-8F57-47BC9CFB946A}.Release|Any CPU.Build.0 = Release|Any CPU
		{FE9F1703-D121-40B7-AE2D-40D731F1316D}.Debug|Any CPU.ActiveCfg = Debug|Any CPU
		{FE9F1703-D121-40B7-AE2D-40D731F1316D}.Debug|Any CPU.Build.0 = Debug|Any CPU
		{FE9F1703-D121-40B7-AE2D-40D731F1316D}.Release|Any CPU.ActiveCfg = Release|Any CPU
		{FE9F1703-D121-40B7-AE2D-40D731F1316D}.Release|Any CPU.Build.0 = Release|Any CPU
		{687ACDC1-FCDA-4AD2-8B67-CA9E8D853E46}.Debug|Any CPU.ActiveCfg = Debug|Any CPU
		{687ACDC1-FCDA-4AD2-8B67-CA9E8D853E46}.Debug|Any CPU.Build.0 = Debug|Any CPU
		{687ACDC1-FCDA-4AD2-8B67-CA9E8D853E46}.Release|Any CPU.ActiveCfg = Release|Any CPU
		{687ACDC1-FCDA-4AD2-8B67-CA9E8D853E46}.Release|Any CPU.Build.0 = Release|Any CPU
		{AF695305-9FF2-4B49-858A-0D44FAD36D60}.Debug|Any CPU.ActiveCfg = Debug|Any CPU
		{AF695305-9FF2-4B49-858A-0D44FAD36D60}.Debug|Any CPU.Build.0 = Debug|Any CPU
		{AF695305-9FF2-4B49-858A-0D44FAD36D60}.Release|Any CPU.ActiveCfg = Release|Any CPU
		{AF695305-9FF2-4B49-858A-0D44FAD36D60}.Release|Any CPU.Build.0 = Release|Any CPU
		{9DE11352-3E81-42AF-9BB3-E43CEE27DC4D}.Debug|Any CPU.ActiveCfg = Debug|Any CPU
		{9DE11352-3E81-42AF-9BB3-E43CEE27DC4D}.Debug|Any CPU.Build.0 = Debug|Any CPU
		{9DE11352-3E81-42AF-9BB3-E43CEE27DC4D}.Release|Any CPU.ActiveCfg = Release|Any CPU
		{9DE11352-3E81-42AF-9BB3-E43CEE27DC4D}.Release|Any CPU.Build.0 = Release|Any CPU
		{21F1EB9A-B6CC-4675-9FD6-B5DABD26D921}.Debug|Any CPU.ActiveCfg = Debug|Any CPU
		{21F1EB9A-B6CC-4675-9FD6-B5DABD26D921}.Debug|Any CPU.Build.0 = Debug|Any CPU
		{21F1EB9A-B6CC-4675-9FD6-B5DABD26D921}.Release|Any CPU.ActiveCfg = Release|Any CPU
		{21F1EB9A-B6CC-4675-9FD6-B5DABD26D921}.Release|Any CPU.Build.0 = Release|Any CPU
	EndGlobalSection
	GlobalSection(SolutionProperties) = preSolution
		HideSolutionNode = FALSE
	EndGlobalSection
	GlobalSection(NestedProjects) = preSolution
		{DBB8E32C-8196-442C-9C62-DEA47671BA69} = {02EA681E-C7D8-13C7-8484-4AC65E1B71E8}
		{12C1A517-DF6B-46AF-B223-5E94DF243251} = {DBB8E32C-8196-442C-9C62-DEA47671BA69}
		{EB89F851-9CDD-477E-8656-47FCAD0BDC2A} = {02EA681E-C7D8-13C7-8484-4AC65E1B71E8}
		{A3828917-6021-407F-8EE2-D027B5E0CC96} = {EB89F851-9CDD-477E-8656-47FCAD0BDC2A}
		{E18BDF53-3A0D-40C0-9556-BBBC18B4F994} = {EB89F851-9CDD-477E-8656-47FCAD0BDC2A}
		{D63822BF-8919-4403-967E-DB539478778C} = {02EA681E-C7D8-13C7-8484-4AC65E1B71E8}
		{6E412413-2530-4047-8FCA-BA9202ADA424} = {D63822BF-8919-4403-967E-DB539478778C}
		{DC43A8E9-D148-4881-8068-9F128CBECDC2} = {D63822BF-8919-4403-967E-DB539478778C}
		{07FC1638-DEBE-43C6-A4AF-F178231FE199} = {E1CDDA66-F7B6-4C17-8E4F-76E4B72D417D}
		{33538FC5-28F8-487D-92E1-82EF1724CDFC} = {E1CDDA66-F7B6-4C17-8E4F-76E4B72D417D}
		{571DC005-591E-4A20-853F-B6813874E963} = {07FC1638-DEBE-43C6-A4AF-F178231FE199}
		{0949B381-D263-4B4B-B671-28848A498D3D} = {33538FC5-28F8-487D-92E1-82EF1724CDFC}
		{3B2E5145-329F-4CF5-9224-0A1B018D594A} = {33538FC5-28F8-487D-92E1-82EF1724CDFC}
		{13BF488E-AB53-4118-80DC-AD985DC9AA2C} = {E1CDDA66-F7B6-4C17-8E4F-76E4B72D417D}
		{F751E038-9403-4A39-9089-172696EC8F00} = {13BF488E-AB53-4118-80DC-AD985DC9AA2C}
		{78776747-A3AA-4386-8F57-47BC9CFB946A} = {13BF488E-AB53-4118-80DC-AD985DC9AA2C}
		{7A13F89C-230B-41B9-9B85-6005089133DA} = {1A9B706C-CB7F-4DCF-A35F-92462810C2B6}
		{FE9F1703-D121-40B7-AE2D-40D731F1316D} = {7A13F89C-230B-41B9-9B85-6005089133DA}
		{D8D6BF1F-C46B-4B32-A18C-0E4295146C39} = {1A9B706C-CB7F-4DCF-A35F-92462810C2B6}
		{687ACDC1-FCDA-4AD2-8B67-CA9E8D853E46} = {D8D6BF1F-C46B-4B32-A18C-0E4295146C39}
		{9D5F6245-54B9-46C6-84B2-DE2466C4D27D} = {1A9B706C-CB7F-4DCF-A35F-92462810C2B6}
		{AF695305-9FF2-4B49-858A-0D44FAD36D60} = {9D5F6245-54B9-46C6-84B2-DE2466C4D27D}
		{9DE11352-3E81-42AF-9BB3-E43CEE27DC4D} = {9D5F6245-54B9-46C6-84B2-DE2466C4D27D}
		{21F1EB9A-B6CC-4675-9FD6-B5DABD26D921} = {D8D6BF1F-C46B-4B32-A18C-0E4295146C39}
	EndGlobalSection
	GlobalSection(ExtensibilityGlobals) = postSolution
		SolutionGuid = {92CD5CDB-6B5A-4C1E-9194-595773E4951D}
	EndGlobalSection
EndGlobal
